
Microsoft Visual Studio Solution File, Format Version 12.00
# Visual Studio Version 17
VisualStudioVersion = 17.3.32929.385
MinimumVisualStudioVersion = 10.0.40219.1
Project("{9A19103F-16F7-4668-BE54-9A1E7A4F7556}") = "Homeo.Api", "Homeo.Api\Homeo.Api.csproj", "{80B11744-C039-4DE9-A838-746020FAEC33}"
EndProject
Project("{9A19103F-16F7-4668-BE54-9A1E7A4F7556}") = "Homeo.DAL", "Homeo.DAL\Homeo.DAL.csproj", "{3C3ECDDF-261E-45D0-B0CC-C6C1022A7C05}"
EndProject
Project("{9A19103F-16F7-4668-BE54-9A1E7A4F7556}") = "Homeo.Identity", "Homeo.Identity\Homeo.Identity.csproj", "{DC9707B6-E6BE-4BFD-BCE6-595436FC476F}"
EndProject
Project("{9A19103F-16F7-4668-BE54-9A1E7A4F7556}") = "Homeo.Application", "Home.Application\Homeo.Application.csproj", "{99A45077-1A22-407E-A1E7-47FF39B98032}"
EndProject
Project("{9A19103F-16F7-4668-BE54-9A1E7A4F7556}") = "Homeo.Domain", "Homeo.Domain\Homeo.Domain.csproj", "{F82E1A53-BD1C-43D3-A8F3-5072B24B6090}"
EndProject
Project("{9A19103F-16F7-4668-BE54-9A1E7A4F7556}") = "Homeo.Tests", "Homeo.Tests\Homeo.Tests.csproj", "{E89A1B55-3380-481F-864E-C30D19040C4F}"
EndProject
Global
	GlobalSection(SolutionConfigurationPlatforms) = preSolution
		Debug|Any CPU = Debug|Any CPU
		Release|Any CPU = Release|Any CPU
	EndGlobalSection
	GlobalSection(ProjectConfigurationPlatforms) = postSolution
		{80B11744-C039-4DE9-A838-746020FAEC33}.Debug|Any CPU.ActiveCfg = Debug|Any CPU
		{80B11744-C039-4DE9-A838-746020FAEC33}.Debug|Any CPU.Build.0 = Debug|Any CPU
		{80B11744-C039-4DE9-A838-746020FAEC33}.Release|Any CPU.ActiveCfg = Release|Any CPU
		{80B11744-C039-4DE9-A838-746020FAEC33}.Release|Any CPU.Build.0 = Release|Any CPU
		{3C3ECDDF-261E-45D0-B0CC-C6C1022A7C05}.Debug|Any CPU.ActiveCfg = Debug|Any CPU
		{3C3ECDDF-261E-45D0-B0CC-C6C1022A7C05}.Debug|Any CPU.Build.0 = Debug|Any CPU
		{3C3ECDDF-261E-45D0-B0CC-C6C1022A7C05}.Release|Any CPU.ActiveCfg = Release|Any CPU
		{3C3ECDDF-261E-45D0-B0CC-C6C1022A7C05}.Release|Any CPU.Build.0 = Release|Any CPU
		{DC9707B6-E6BE-4BFD-BCE6-595436FC476F}.Debug|Any CPU.ActiveCfg = Debug|Any CPU
		{DC9707B6-E6BE-4BFD-BCE6-595436FC476F}.Debug|Any CPU.Build.0 = Debug|Any CPU
		{DC9707B6-E6BE-4BFD-BCE6-595436FC476F}.Release|Any CPU.ActiveCfg = Release|Any CPU
		{DC9707B6-E6BE-4BFD-BCE6-595436FC476F}.Release|Any CPU.Build.0 = Release|Any CPU
		{99A45077-1A22-407E-A1E7-47FF39B98032}.Debug|Any CPU.ActiveCfg = Debug|Any CPU
		{99A45077-1A22-407E-A1E7-47FF39B98032}.Debug|Any CPU.Build.0 = Debug|Any CPU
		{99A45077-1A22-407E-A1E7-47FF39B98032}.Release|Any CPU.ActiveCfg = Release|Any CPU
		{99A45077-1A22-407E-A1E7-47FF39B98032}.Release|Any CPU.Build.0 = Release|Any CPU
		{F82E1A53-BD1C-43D3-A8F3-5072B24B6090}.Debug|Any CPU.ActiveCfg = Debug|Any CPU
		{F82E1A53-BD1C-43D3-A8F3-5072B24B6090}.Debug|Any CPU.Build.0 = Debug|Any CPU
		{F82E1A53-BD1C-43D3-A8F3-5072B24B6090}.Release|Any CPU.ActiveCfg = Release|Any CPU
		{F82E1A53-BD1C-43D3-A8F3-5072B24B6090}.Release|Any CPU.Build.0 = Release|Any CPU
		{E89A1B55-3380-481F-864E-C30D19040C4F}.Debug|Any CPU.ActiveCfg = Debug|Any CPU
		{E89A1B55-3380-481F-864E-C30D19040C4F}.Debug|Any CPU.Build.0 = Debug|Any CPU
		{E89A1B55-3380-481F-864E-C30D19040C4F}.Release|Any CPU.ActiveCfg = Release|Any CPU
		{E89A1B55-3380-481F-864E-C30D19040C4F}.Release|Any CPU.Build.0 = Release|Any CPU
	EndGlobalSection
	GlobalSection(SolutionProperties) = preSolution
		HideSolutionNode = FALSE
	EndGlobalSection
	GlobalSection(ExtensibilityGlobals) = postSolution
		SolutionGuid = {6FA59969-794C-475C-ABE7-3EC689ED0BF4}
	EndGlobalSection
EndGlobal
